
Microsoft Visual Studio Solution File, Format Version 12.00
# Visual Studio Version 16
VisualStudioVersion = 16.0.31624.102
MinimumVisualStudioVersion = 10.0.40219.1
Project("{9A19103F-16F7-4668-BE54-9A1E7A4F7556}") = "PostalWebAPI", "PostalWebAPI\PostalWebAPI.csproj", "{6186C570-B5DE-46DA-A9DC-CFFA47648649}"
EndProject
Project("{9A19103F-16F7-4668-BE54-9A1E7A4F7556}") = "PostalService.Services", "PostalService.Services\PostalService.Services.csproj", "{7078B3BD-AF3D-43EE-97EB-7D5D82C2902E}"
EndProject
Project("{9A19103F-16F7-4668-BE54-9A1E7A4F7556}") = "PostalService.DAL", "PostalService.DAL\PostalService.DAL.csproj", "{33408FF9-796A-4410-9A46-F1B5500328A3}"
EndProject
Project("{00D1A9C2-B5F0-4AF3-8072-F6C62B433612}") = "PostalDB", "PostalDB\PostalDB.sqlproj", "{37F7E29A-539B-4E31-9F36-16A39AAA7F76}"
EndProject
Global
	GlobalSection(SolutionConfigurationPlatforms) = preSolution
		Debug|Any CPU = Debug|Any CPU
		Release|Any CPU = Release|Any CPU
	EndGlobalSection
	GlobalSection(ProjectConfigurationPlatforms) = postSolution
		{6186C570-B5DE-46DA-A9DC-CFFA47648649}.Debug|Any CPU.ActiveCfg = Debug|Any CPU
		{6186C570-B5DE-46DA-A9DC-CFFA47648649}.Debug|Any CPU.Build.0 = Debug|Any CPU
		{6186C570-B5DE-46DA-A9DC-CFFA47648649}.Release|Any CPU.ActiveCfg = Release|Any CPU
		{6186C570-B5DE-46DA-A9DC-CFFA47648649}.Release|Any CPU.Build.0 = Release|Any CPU
		{7078B3BD-AF3D-43EE-97EB-7D5D82C2902E}.Debug|Any CPU.ActiveCfg = Debug|Any CPU
		{7078B3BD-AF3D-43EE-97EB-7D5D82C2902E}.Debug|Any CPU.Build.0 = Debug|Any CPU
		{7078B3BD-AF3D-43EE-97EB-7D5D82C2902E}.Release|Any CPU.ActiveCfg = Release|Any CPU
		{7078B3BD-AF3D-43EE-97EB-7D5D82C2902E}.Release|Any CPU.Build.0 = Release|Any CPU
		{33408FF9-796A-4410-9A46-F1B5500328A3}.Debug|Any CPU.ActiveCfg = Debug|Any CPU
		{33408FF9-796A-4410-9A46-F1B5500328A3}.Debug|Any CPU.Build.0 = Debug|Any CPU
		{33408FF9-796A-4410-9A46-F1B5500328A3}.Release|Any CPU.ActiveCfg = Release|Any CPU
		{33408FF9-796A-4410-9A46-F1B5500328A3}.Release|Any CPU.Build.0 = Release|Any CPU
		{37F7E29A-539B-4E31-9F36-16A39AAA7F76}.Debug|Any CPU.ActiveCfg = Debug|Any CPU
		{37F7E29A-539B-4E31-9F36-16A39AAA7F76}.Debug|Any CPU.Build.0 = Debug|Any CPU
		{37F7E29A-539B-4E31-9F36-16A39AAA7F76}.Debug|Any CPU.Deploy.0 = Debug|Any CPU
		{37F7E29A-539B-4E31-9F36-16A39AAA7F76}.Release|Any CPU.ActiveCfg = Release|Any CPU
		{37F7E29A-539B-4E31-9F36-16A39AAA7F76}.Release|Any CPU.Build.0 = Release|Any CPU
		{37F7E29A-539B-4E31-9F36-16A39AAA7F76}.Release|Any CPU.Deploy.0 = Release|Any CPU
	EndGlobalSection
	GlobalSection(SolutionProperties) = preSolution
		HideSolutionNode = FALSE
	EndGlobalSection
	GlobalSection(ExtensibilityGlobals) = postSolution
		SolutionGuid = {1AECBE2C-093A-462F-A5CC-AFE093AD341A}
	EndGlobalSection
EndGlobal
